
Microsoft Visual Studio Solution File, Format Version 12.00
# Visual Studio Version 16
VisualStudioVersion = 16.0.32106.194
MinimumVisualStudioVersion = 10.0.40219.1
Project("{FAE04EC0-301F-11D3-BF4B-00C04F79EFBC}") = "GuineaPig", "GuineaPig\GuineaPig.csproj", "{EDA1547C-17D8-452B-A595-44B817C499E6}"
EndProject
Project("{FAE04EC0-301F-11D3-BF4B-00C04F79EFBC}") = "ShoppingList", "ShoppingList\ShoppingList.csproj", "{2763623B-053C-4ECA-AFF6-C6A52D90875F}"
EndProject
Project("{FAE04EC0-301F-11D3-BF4B-00C04F79EFBC}") = "HeartDelivery", "HeartDelivery\HeartDelivery.csproj", "{A865043B-874C-497D-8029-3C3E454979A6}"
EndProject
Global
	GlobalSection(SolutionConfigurationPlatforms) = preSolution
		Debug|Any CPU = Debug|Any CPU
		Release|Any CPU = Release|Any CPU
	EndGlobalSection
	GlobalSection(ProjectConfigurationPlatforms) = postSolution
		{EDA1547C-17D8-452B-A595-44B817C499E6}.Debug|Any CPU.ActiveCfg = Debug|Any CPU
		{EDA1547C-17D8-452B-A595-44B817C499E6}.Debug|Any CPU.Build.0 = Debug|Any CPU
		{EDA1547C-17D8-452B-A595-44B817C499E6}.Release|Any CPU.ActiveCfg = Release|Any CPU
		{EDA1547C-17D8-452B-A595-44B817C499E6}.Release|Any CPU.Build.0 = Release|Any CPU
		{2763623B-053C-4ECA-AFF6-C6A52D90875F}.Debug|Any CPU.ActiveCfg = Debug|Any CPU
		{2763623B-053C-4ECA-AFF6-C6A52D90875F}.Debug|Any CPU.Build.0 = Debug|Any CPU
		{2763623B-053C-4ECA-AFF6-C6A52D90875F}.Release|Any CPU.ActiveCfg = Release|Any CPU
		{2763623B-053C-4ECA-AFF6-C6A52D90875F}.Release|Any CPU.Build.0 = Release|Any CPU
		{A865043B-874C-497D-8029-3C3E454979A6}.Debug|Any CPU.ActiveCfg = Debug|Any CPU
		{A865043B-874C-497D-8029-3C3E454979A6}.Debug|Any CPU.Build.0 = Debug|Any CPU
		{A865043B-874C-497D-8029-3C3E454979A6}.Release|Any CPU.ActiveCfg = Release|Any CPU
		{A865043B-874C-497D-8029-3C3E454979A6}.Release|Any CPU.Build.0 = Release|Any CPU
	EndGlobalSection
	GlobalSection(SolutionProperties) = preSolution
		HideSolutionNode = FALSE
	EndGlobalSection
	GlobalSection(ExtensibilityGlobals) = postSolution
		SolutionGuid = {F704E5D1-845C-427C-8429-62C255DA4284}
	EndGlobalSection
EndGlobal
