
Microsoft Visual Studio Solution File, Format Version 12.00
# Visual Studio Version 16
VisualStudioVersion = 16.0.31624.102
MinimumVisualStudioVersion = 10.0.40219.1
Project("{9A19103F-16F7-4668-BE54-9A1E7A4F7556}") = "Ages", "Ages\Ages.csproj", "{EE8A2391-184B-4E76-A1C4-7E26A5A97FB6}"
EndProject
Project("{9A19103F-16F7-4668-BE54-9A1E7A4F7556}") = "Division", "Division\Division.csproj", "{72DF4332-B282-44B9-A2D7-D6D71BA13D63}"
EndProject
Project("{9A19103F-16F7-4668-BE54-9A1E7A4F7556}") = "Vacation", "Vacation\Vacation.csproj", "{466745EE-2C5A-4334-A7AC-BFA6D20E1886}"
EndProject
Project("{9A19103F-16F7-4668-BE54-9A1E7A4F7556}") = "PrintAndSum", "PrintAndSum\PrintAndSum.csproj", "{BDF129A8-EA7C-484B-A16D-275A8F8B4522}"
EndProject
Project("{9A19103F-16F7-4668-BE54-9A1E7A4F7556}") = "Login", "Login\Login.csproj", "{FDE28943-FC55-42AE-AB88-CF77449729C5}"
EndProject
Project("{9A19103F-16F7-4668-BE54-9A1E7A4F7556}") = "StrongNumber", "StrongNumber\StrongNumber.csproj", "{92347F72-A4CD-4812-8F72-D79727C4DBDA}"
EndProject
Project("{9A19103F-16F7-4668-BE54-9A1E7A4F7556}") = "ReverseStringForLoginTaskAlternative", "ReverseStringForLoginTaskAlternative\ReverseStringForLoginTaskAlternative.csproj", "{51FC0DAC-19FB-4AF0-B235-B6587D27A793}"
EndProject
Project("{9A19103F-16F7-4668-BE54-9A1E7A4F7556}") = "TriangleOfNumbers", "TriangleOfNumbers\TriangleOfNumbers.csproj", "{5E769204-3001-488C-8529-A7061878EDA2}"
EndProject
Project("{9A19103F-16F7-4668-BE54-9A1E7A4F7556}") = "VendingMachine", "VendingMachine\VendingMachine.csproj", "{C03CC86B-9195-4B18-ACA8-E40BDC82EF29}"
EndProject
Project("{FAE04EC0-301F-11D3-BF4B-00C04F79EFBC}") = "PadawanEquipment", "PadawanEquipment\PadawanEquipment.csproj", "{30D29537-AF67-4C93-B274-48D380A1C892}"
EndProject
Project("{FAE04EC0-301F-11D3-BF4B-00C04F79EFBC}") = "RageExpenses", "RageExpenses\RageExpenses.csproj", "{1D3BEA06-745F-4C35-8EA5-4FC1F772A23B}"
EndProject
Project("{FAE04EC0-301F-11D3-BF4B-00C04F79EFBC}") = "Orders", "Orders\Orders.csproj", "{05E2EFDB-FA12-4C27-8DAD-492FA20982A5}"
EndProject
Global
	GlobalSection(SolutionConfigurationPlatforms) = preSolution
		Debug|Any CPU = Debug|Any CPU
		Release|Any CPU = Release|Any CPU
	EndGlobalSection
	GlobalSection(ProjectConfigurationPlatforms) = postSolution
		{EE8A2391-184B-4E76-A1C4-7E26A5A97FB6}.Debug|Any CPU.ActiveCfg = Debug|Any CPU
		{EE8A2391-184B-4E76-A1C4-7E26A5A97FB6}.Debug|Any CPU.Build.0 = Debug|Any CPU
		{EE8A2391-184B-4E76-A1C4-7E26A5A97FB6}.Release|Any CPU.ActiveCfg = Release|Any CPU
		{EE8A2391-184B-4E76-A1C4-7E26A5A97FB6}.Release|Any CPU.Build.0 = Release|Any CPU
		{72DF4332-B282-44B9-A2D7-D6D71BA13D63}.Debug|Any CPU.ActiveCfg = Debug|Any CPU
		{72DF4332-B282-44B9-A2D7-D6D71BA13D63}.Debug|Any CPU.Build.0 = Debug|Any CPU
		{72DF4332-B282-44B9-A2D7-D6D71BA13D63}.Release|Any CPU.ActiveCfg = Release|Any CPU
		{72DF4332-B282-44B9-A2D7-D6D71BA13D63}.Release|Any CPU.Build.0 = Release|Any CPU
		{466745EE-2C5A-4334-A7AC-BFA6D20E1886}.Debug|Any CPU.ActiveCfg = Debug|Any CPU
		{466745EE-2C5A-4334-A7AC-BFA6D20E1886}.Debug|Any CPU.Build.0 = Debug|Any CPU
		{466745EE-2C5A-4334-A7AC-BFA6D20E1886}.Release|Any CPU.ActiveCfg = Release|Any CPU
		{466745EE-2C5A-4334-A7AC-BFA6D20E1886}.Release|Any CPU.Build.0 = Release|Any CPU
		{BDF129A8-EA7C-484B-A16D-275A8F8B4522}.Debug|Any CPU.ActiveCfg = Debug|Any CPU
		{BDF129A8-EA7C-484B-A16D-275A8F8B4522}.Debug|Any CPU.Build.0 = Debug|Any CPU
		{BDF129A8-EA7C-484B-A16D-275A8F8B4522}.Release|Any CPU.ActiveCfg = Release|Any CPU
		{BDF129A8-EA7C-484B-A16D-275A8F8B4522}.Release|Any CPU.Build.0 = Release|Any CPU
		{FDE28943-FC55-42AE-AB88-CF77449729C5}.Debug|Any CPU.ActiveCfg = Debug|Any CPU
		{FDE28943-FC55-42AE-AB88-CF77449729C5}.Debug|Any CPU.Build.0 = Debug|Any CPU
		{FDE28943-FC55-42AE-AB88-CF77449729C5}.Release|Any CPU.ActiveCfg = Release|Any CPU
		{FDE28943-FC55-42AE-AB88-CF77449729C5}.Release|Any CPU.Build.0 = Release|Any CPU
		{92347F72-A4CD-4812-8F72-D79727C4DBDA}.Debug|Any CPU.ActiveCfg = Debug|Any CPU
		{92347F72-A4CD-4812-8F72-D79727C4DBDA}.Debug|Any CPU.Build.0 = Debug|Any CPU
		{92347F72-A4CD-4812-8F72-D79727C4DBDA}.Release|Any CPU.ActiveCfg = Release|Any CPU
		{92347F72-A4CD-4812-8F72-D79727C4DBDA}.Release|Any CPU.Build.0 = Release|Any CPU
		{51FC0DAC-19FB-4AF0-B235-B6587D27A793}.Debug|Any CPU.ActiveCfg = Debug|Any CPU
		{51FC0DAC-19FB-4AF0-B235-B6587D27A793}.Debug|Any CPU.Build.0 = Debug|Any CPU
		{51FC0DAC-19FB-4AF0-B235-B6587D27A793}.Release|Any CPU.ActiveCfg = Release|Any CPU
		{51FC0DAC-19FB-4AF0-B235-B6587D27A793}.Release|Any CPU.Build.0 = Release|Any CPU
		{5E769204-3001-488C-8529-A7061878EDA2}.Debug|Any CPU.ActiveCfg = Debug|Any CPU
		{5E769204-3001-488C-8529-A7061878EDA2}.Debug|Any CPU.Build.0 = Debug|Any CPU
		{5E769204-3001-488C-8529-A7061878EDA2}.Release|Any CPU.ActiveCfg = Release|Any CPU
		{5E769204-3001-488C-8529-A7061878EDA2}.Release|Any CPU.Build.0 = Release|Any CPU
		{C03CC86B-9195-4B18-ACA8-E40BDC82EF29}.Debug|Any CPU.ActiveCfg = Debug|Any CPU
		{C03CC86B-9195-4B18-ACA8-E40BDC82EF29}.Debug|Any CPU.Build.0 = Debug|Any CPU
		{C03CC86B-9195-4B18-ACA8-E40BDC82EF29}.Release|Any CPU.ActiveCfg = Release|Any CPU
		{C03CC86B-9195-4B18-ACA8-E40BDC82EF29}.Release|Any CPU.Build.0 = Release|Any CPU
		{30D29537-AF67-4C93-B274-48D380A1C892}.Debug|Any CPU.ActiveCfg = Debug|Any CPU
		{30D29537-AF67-4C93-B274-48D380A1C892}.Debug|Any CPU.Build.0 = Debug|Any CPU
		{30D29537-AF67-4C93-B274-48D380A1C892}.Release|Any CPU.ActiveCfg = Release|Any CPU
		{30D29537-AF67-4C93-B274-48D380A1C892}.Release|Any CPU.Build.0 = Release|Any CPU
		{1D3BEA06-745F-4C35-8EA5-4FC1F772A23B}.Debug|Any CPU.ActiveCfg = Debug|Any CPU
		{1D3BEA06-745F-4C35-8EA5-4FC1F772A23B}.Debug|Any CPU.Build.0 = Debug|Any CPU
		{1D3BEA06-745F-4C35-8EA5-4FC1F772A23B}.Release|Any CPU.ActiveCfg = Release|Any CPU
		{1D3BEA06-745F-4C35-8EA5-4FC1F772A23B}.Release|Any CPU.Build.0 = Release|Any CPU
		{05E2EFDB-FA12-4C27-8DAD-492FA20982A5}.Debug|Any CPU.ActiveCfg = Debug|Any CPU
		{05E2EFDB-FA12-4C27-8DAD-492FA20982A5}.Debug|Any CPU.Build.0 = Debug|Any CPU
		{05E2EFDB-FA12-4C27-8DAD-492FA20982A5}.Release|Any CPU.ActiveCfg = Release|Any CPU
		{05E2EFDB-FA12-4C27-8DAD-492FA20982A5}.Release|Any CPU.Build.0 = Release|Any CPU
	EndGlobalSection
	GlobalSection(SolutionProperties) = preSolution
		HideSolutionNode = FALSE
	EndGlobalSection
	GlobalSection(ExtensibilityGlobals) = postSolution
		SolutionGuid = {31722AC4-9DFA-4B8F-ADCA-5CA419ED843B}
	EndGlobalSection
EndGlobal
