
Microsoft Visual Studio Solution File, Format Version 12.00
# Visual Studio Version 16
VisualStudioVersion = 16.0.32106.194
MinimumVisualStudioVersion = 10.0.40219.1
Project("{9A19103F-16F7-4668-BE54-9A1E7A4F7556}") = "AdvertisementMessage", "AdvertisementMessage\AdvertisementMessage.csproj", "{E5282CBE-FB2B-43C7-8753-A0991912B941}"
EndProject
Project("{9A19103F-16F7-4668-BE54-9A1E7A4F7556}") = "Articles", "Articles\Articles.csproj", "{5029FD64-3068-4CC6-96B7-CA2C2778488F}"
EndProject
Project("{9A19103F-16F7-4668-BE54-9A1E7A4F7556}") = "Articles2.0", "Articles2.0\Articles2.0.csproj", "{D6D5896B-CA73-4757-92CE-A1EC54A27012}"
EndProject
Project("{FAE04EC0-301F-11D3-BF4B-00C04F79EFBC}") = "Students", "Students\Students.csproj", "{4E3FBC5D-9E02-447E-A276-317F6FDC33F2}"
EndProject
Project("{FAE04EC0-301F-11D3-BF4B-00C04F79EFBC}") = "TeamworkProjects", "TeamworkProjects\TeamworkProjects.csproj", "{202E82B7-3487-456F-9DB5-F1A646DCF52E}"
EndProject
Project("{FAE04EC0-301F-11D3-BF4B-00C04F79EFBC}") = "StudentsWithToStringMethod", "StudentsWithToStringMethod\StudentsWithToStringMethod.csproj", "{BA370BB8-393F-4FC8-91A1-418280D0A005}"
EndProject
Project("{FAE04EC0-301F-11D3-BF4B-00C04F79EFBC}") = "VehicleCatalogue", "VehicleCatalogue\VehicleCatalogue.csproj", "{A91F9B2C-3835-43E5-94CA-741A623F73C6}"
EndProject
Project("{FAE04EC0-301F-11D3-BF4B-00C04F79EFBC}") = "OrderByAge", "OrderByAge\OrderByAge.csproj", "{BBEC0AA2-A796-4495-BC4B-560D81BB8A4A}"
EndProject
Global
	GlobalSection(SolutionConfigurationPlatforms) = preSolution
		Debug|Any CPU = Debug|Any CPU
		Release|Any CPU = Release|Any CPU
	EndGlobalSection
	GlobalSection(ProjectConfigurationPlatforms) = postSolution
		{E5282CBE-FB2B-43C7-8753-A0991912B941}.Debug|Any CPU.ActiveCfg = Debug|Any CPU
		{E5282CBE-FB2B-43C7-8753-A0991912B941}.Debug|Any CPU.Build.0 = Debug|Any CPU
		{E5282CBE-FB2B-43C7-8753-A0991912B941}.Release|Any CPU.ActiveCfg = Release|Any CPU
		{E5282CBE-FB2B-43C7-8753-A0991912B941}.Release|Any CPU.Build.0 = Release|Any CPU
		{5029FD64-3068-4CC6-96B7-CA2C2778488F}.Debug|Any CPU.ActiveCfg = Debug|Any CPU
		{5029FD64-3068-4CC6-96B7-CA2C2778488F}.Debug|Any CPU.Build.0 = Debug|Any CPU
		{5029FD64-3068-4CC6-96B7-CA2C2778488F}.Release|Any CPU.ActiveCfg = Release|Any CPU
		{5029FD64-3068-4CC6-96B7-CA2C2778488F}.Release|Any CPU.Build.0 = Release|Any CPU
		{D6D5896B-CA73-4757-92CE-A1EC54A27012}.Debug|Any CPU.ActiveCfg = Debug|Any CPU
		{D6D5896B-CA73-4757-92CE-A1EC54A27012}.Debug|Any CPU.Build.0 = Debug|Any CPU
		{D6D5896B-CA73-4757-92CE-A1EC54A27012}.Release|Any CPU.ActiveCfg = Release|Any CPU
		{D6D5896B-CA73-4757-92CE-A1EC54A27012}.Release|Any CPU.Build.0 = Release|Any CPU
		{4E3FBC5D-9E02-447E-A276-317F6FDC33F2}.Debug|Any CPU.ActiveCfg = Debug|Any CPU
		{4E3FBC5D-9E02-447E-A276-317F6FDC33F2}.Debug|Any CPU.Build.0 = Debug|Any CPU
		{4E3FBC5D-9E02-447E-A276-317F6FDC33F2}.Release|Any CPU.ActiveCfg = Release|Any CPU
		{4E3FBC5D-9E02-447E-A276-317F6FDC33F2}.Release|Any CPU.Build.0 = Release|Any CPU
		{202E82B7-3487-456F-9DB5-F1A646DCF52E}.Debug|Any CPU.ActiveCfg = Debug|Any CPU
		{202E82B7-3487-456F-9DB5-F1A646DCF52E}.Debug|Any CPU.Build.0 = Debug|Any CPU
		{202E82B7-3487-456F-9DB5-F1A646DCF52E}.Release|Any CPU.ActiveCfg = Release|Any CPU
		{202E82B7-3487-456F-9DB5-F1A646DCF52E}.Release|Any CPU.Build.0 = Release|Any CPU
		{BA370BB8-393F-4FC8-91A1-418280D0A005}.Debug|Any CPU.ActiveCfg = Debug|Any CPU
		{BA370BB8-393F-4FC8-91A1-418280D0A005}.Debug|Any CPU.Build.0 = Debug|Any CPU
		{BA370BB8-393F-4FC8-91A1-418280D0A005}.Release|Any CPU.ActiveCfg = Release|Any CPU
		{BA370BB8-393F-4FC8-91A1-418280D0A005}.Release|Any CPU.Build.0 = Release|Any CPU
		{A91F9B2C-3835-43E5-94CA-741A623F73C6}.Debug|Any CPU.ActiveCfg = Debug|Any CPU
		{A91F9B2C-3835-43E5-94CA-741A623F73C6}.Debug|Any CPU.Build.0 = Debug|Any CPU
		{A91F9B2C-3835-43E5-94CA-741A623F73C6}.Release|Any CPU.ActiveCfg = Release|Any CPU
		{A91F9B2C-3835-43E5-94CA-741A623F73C6}.Release|Any CPU.Build.0 = Release|Any CPU
		{BBEC0AA2-A796-4495-BC4B-560D81BB8A4A}.Debug|Any CPU.ActiveCfg = Debug|Any CPU
		{BBEC0AA2-A796-4495-BC4B-560D81BB8A4A}.Debug|Any CPU.Build.0 = Debug|Any CPU
		{BBEC0AA2-A796-4495-BC4B-560D81BB8A4A}.Release|Any CPU.ActiveCfg = Release|Any CPU
		{BBEC0AA2-A796-4495-BC4B-560D81BB8A4A}.Release|Any CPU.Build.0 = Release|Any CPU
	EndGlobalSection
	GlobalSection(SolutionProperties) = preSolution
		HideSolutionNode = FALSE
	EndGlobalSection
	GlobalSection(ExtensibilityGlobals) = postSolution
		SolutionGuid = {2DC9077D-780A-4862-8BB1-F219D5606934}
	EndGlobalSection
EndGlobal
