
Microsoft Visual Studio Solution File, Format Version 12.00
# Visual Studio Version 16
VisualStudioVersion = 16.0.32106.194
MinimumVisualStudioVersion = 10.0.40219.1
Project("{FAE04EC0-301F-11D3-BF4B-00C04F79EFBC}") = "TheImitationGame", "TheImitationGame\TheImitationGame.csproj", "{FDDD53C0-C38C-485A-9CBB-C5A3D3FEC8A4}"
EndProject
Project("{FAE04EC0-301F-11D3-BF4B-00C04F79EFBC}") = "AdAstra", "AdAstra\AdAstra.csproj", "{B5292E14-DF6E-4658-B729-7E2F0B1F17CC}"
EndProject
Project("{FAE04EC0-301F-11D3-BF4B-00C04F79EFBC}") = "ThePianist", "ThePianist\ThePianist.csproj", "{ABD0709C-248C-4A2F-9C81-68EE94B41781}"
EndProject
Global
	GlobalSection(SolutionConfigurationPlatforms) = preSolution
		Debug|Any CPU = Debug|Any CPU
		Release|Any CPU = Release|Any CPU
	EndGlobalSection
	GlobalSection(ProjectConfigurationPlatforms) = postSolution
		{FDDD53C0-C38C-485A-9CBB-C5A3D3FEC8A4}.Debug|Any CPU.ActiveCfg = Debug|Any CPU
		{FDDD53C0-C38C-485A-9CBB-C5A3D3FEC8A4}.Debug|Any CPU.Build.0 = Debug|Any CPU
		{FDDD53C0-C38C-485A-9CBB-C5A3D3FEC8A4}.Release|Any CPU.ActiveCfg = Release|Any CPU
		{FDDD53C0-C38C-485A-9CBB-C5A3D3FEC8A4}.Release|Any CPU.Build.0 = Release|Any CPU
		{B5292E14-DF6E-4658-B729-7E2F0B1F17CC}.Debug|Any CPU.ActiveCfg = Debug|Any CPU
		{B5292E14-DF6E-4658-B729-7E2F0B1F17CC}.Debug|Any CPU.Build.0 = Debug|Any CPU
		{B5292E14-DF6E-4658-B729-7E2F0B1F17CC}.Release|Any CPU.ActiveCfg = Release|Any CPU
		{B5292E14-DF6E-4658-B729-7E2F0B1F17CC}.Release|Any CPU.Build.0 = Release|Any CPU
		{ABD0709C-248C-4A2F-9C81-68EE94B41781}.Debug|Any CPU.ActiveCfg = Debug|Any CPU
		{ABD0709C-248C-4A2F-9C81-68EE94B41781}.Debug|Any CPU.Build.0 = Debug|Any CPU
		{ABD0709C-248C-4A2F-9C81-68EE94B41781}.Release|Any CPU.ActiveCfg = Release|Any CPU
		{ABD0709C-248C-4A2F-9C81-68EE94B41781}.Release|Any CPU.Build.0 = Release|Any CPU
	EndGlobalSection
	GlobalSection(SolutionProperties) = preSolution
		HideSolutionNode = FALSE
	EndGlobalSection
	GlobalSection(ExtensibilityGlobals) = postSolution
		SolutionGuid = {456799E6-30CB-4B81-891C-AA713605B890}
	EndGlobalSection
EndGlobal
