
Microsoft Visual Studio Solution File, Format Version 12.00
# Visual Studio Version 16
VisualStudioVersion = 16.0.32106.194
MinimumVisualStudioVersion = 10.0.40219.1
Project("{FAE04EC0-301F-11D3-BF4B-00C04F79EFBC}") = "WorldTour", "WorldTour\WorldTour.csproj", "{345C1776-ABC6-4A26-B55F-813BB1BE00B0}"
EndProject
Project("{FAE04EC0-301F-11D3-BF4B-00C04F79EFBC}") = "DestinationMapper", "DestinationMapper\DestinationMapper.csproj", "{6EE14511-01E9-4B60-826D-D3A9192D07EB}"
EndProject
Project("{FAE04EC0-301F-11D3-BF4B-00C04F79EFBC}") = "PlantDiscovery", "PlantDiscovery\PlantDiscovery.csproj", "{CBA74043-FE37-41AA-B5A6-5E28F6525C03}"
EndProject
Global
	GlobalSection(SolutionConfigurationPlatforms) = preSolution
		Debug|Any CPU = Debug|Any CPU
		Release|Any CPU = Release|Any CPU
	EndGlobalSection
	GlobalSection(ProjectConfigurationPlatforms) = postSolution
		{345C1776-ABC6-4A26-B55F-813BB1BE00B0}.Debug|Any CPU.ActiveCfg = Debug|Any CPU
		{345C1776-ABC6-4A26-B55F-813BB1BE00B0}.Debug|Any CPU.Build.0 = Debug|Any CPU
		{345C1776-ABC6-4A26-B55F-813BB1BE00B0}.Release|Any CPU.ActiveCfg = Release|Any CPU
		{345C1776-ABC6-4A26-B55F-813BB1BE00B0}.Release|Any CPU.Build.0 = Release|Any CPU
		{6EE14511-01E9-4B60-826D-D3A9192D07EB}.Debug|Any CPU.ActiveCfg = Debug|Any CPU
		{6EE14511-01E9-4B60-826D-D3A9192D07EB}.Debug|Any CPU.Build.0 = Debug|Any CPU
		{6EE14511-01E9-4B60-826D-D3A9192D07EB}.Release|Any CPU.ActiveCfg = Release|Any CPU
		{6EE14511-01E9-4B60-826D-D3A9192D07EB}.Release|Any CPU.Build.0 = Release|Any CPU
		{CBA74043-FE37-41AA-B5A6-5E28F6525C03}.Debug|Any CPU.ActiveCfg = Debug|Any CPU
		{CBA74043-FE37-41AA-B5A6-5E28F6525C03}.Debug|Any CPU.Build.0 = Debug|Any CPU
		{CBA74043-FE37-41AA-B5A6-5E28F6525C03}.Release|Any CPU.ActiveCfg = Release|Any CPU
		{CBA74043-FE37-41AA-B5A6-5E28F6525C03}.Release|Any CPU.Build.0 = Release|Any CPU
	EndGlobalSection
	GlobalSection(SolutionProperties) = preSolution
		HideSolutionNode = FALSE
	EndGlobalSection
	GlobalSection(ExtensibilityGlobals) = postSolution
		SolutionGuid = {3BC688B3-D3F9-4140-AAB8-3E774B3DCE1E}
	EndGlobalSection
EndGlobal
