
Microsoft Visual Studio Solution File, Format Version 12.00
# Visual Studio Version 16
VisualStudioVersion = 16.0.32106.194
MinimumVisualStudioVersion = 10.0.40219.1
Project("{9A19103F-16F7-4668-BE54-9A1E7A4F7556}") = "Messaging", "Messaging\Messaging.csproj", "{58803D3B-FC41-49C6-831C-725B5C8E6C7B}"
EndProject
Project("{9A19103F-16F7-4668-BE54-9A1E7A4F7556}") = "CarRace", "CarRace\CarRace.csproj", "{6F2DEA5D-CED7-4F21-8C9E-B0E7672AFEB5}"
EndProject
Project("{9A19103F-16F7-4668-BE54-9A1E7A4F7556}") = "TakeSkipRope", "TakeSkipRope\TakeSkipRope.csproj", "{9E8AE4A7-60CA-4F94-8BFF-D08C4310E24A}"
EndProject
Project("{FAE04EC0-301F-11D3-BF4B-00C04F79EFBC}") = "MixedUpLists", "MixedUpLists\MixedUpLists.csproj", "{E9F26519-E606-4A8D-A2A7-FA9B1B3CCDDC}"
EndProject
Project("{FAE04EC0-301F-11D3-BF4B-00C04F79EFBC}") = "DrumSet", "DrumSet\DrumSet.csproj", "{CF9F2120-14D9-49BC-8C08-28487DFF045C}"
EndProject
Global
	GlobalSection(SolutionConfigurationPlatforms) = preSolution
		Debug|Any CPU = Debug|Any CPU
		Release|Any CPU = Release|Any CPU
	EndGlobalSection
	GlobalSection(ProjectConfigurationPlatforms) = postSolution
		{58803D3B-FC41-49C6-831C-725B5C8E6C7B}.Debug|Any CPU.ActiveCfg = Debug|Any CPU
		{58803D3B-FC41-49C6-831C-725B5C8E6C7B}.Debug|Any CPU.Build.0 = Debug|Any CPU
		{58803D3B-FC41-49C6-831C-725B5C8E6C7B}.Release|Any CPU.ActiveCfg = Release|Any CPU
		{58803D3B-FC41-49C6-831C-725B5C8E6C7B}.Release|Any CPU.Build.0 = Release|Any CPU
		{6F2DEA5D-CED7-4F21-8C9E-B0E7672AFEB5}.Debug|Any CPU.ActiveCfg = Debug|Any CPU
		{6F2DEA5D-CED7-4F21-8C9E-B0E7672AFEB5}.Debug|Any CPU.Build.0 = Debug|Any CPU
		{6F2DEA5D-CED7-4F21-8C9E-B0E7672AFEB5}.Release|Any CPU.ActiveCfg = Release|Any CPU
		{6F2DEA5D-CED7-4F21-8C9E-B0E7672AFEB5}.Release|Any CPU.Build.0 = Release|Any CPU
		{9E8AE4A7-60CA-4F94-8BFF-D08C4310E24A}.Debug|Any CPU.ActiveCfg = Debug|Any CPU
		{9E8AE4A7-60CA-4F94-8BFF-D08C4310E24A}.Debug|Any CPU.Build.0 = Debug|Any CPU
		{9E8AE4A7-60CA-4F94-8BFF-D08C4310E24A}.Release|Any CPU.ActiveCfg = Release|Any CPU
		{9E8AE4A7-60CA-4F94-8BFF-D08C4310E24A}.Release|Any CPU.Build.0 = Release|Any CPU
		{E9F26519-E606-4A8D-A2A7-FA9B1B3CCDDC}.Debug|Any CPU.ActiveCfg = Debug|Any CPU
		{E9F26519-E606-4A8D-A2A7-FA9B1B3CCDDC}.Debug|Any CPU.Build.0 = Debug|Any CPU
		{E9F26519-E606-4A8D-A2A7-FA9B1B3CCDDC}.Release|Any CPU.ActiveCfg = Release|Any CPU
		{E9F26519-E606-4A8D-A2A7-FA9B1B3CCDDC}.Release|Any CPU.Build.0 = Release|Any CPU
		{CF9F2120-14D9-49BC-8C08-28487DFF045C}.Debug|Any CPU.ActiveCfg = Debug|Any CPU
		{CF9F2120-14D9-49BC-8C08-28487DFF045C}.Debug|Any CPU.Build.0 = Debug|Any CPU
		{CF9F2120-14D9-49BC-8C08-28487DFF045C}.Release|Any CPU.ActiveCfg = Release|Any CPU
		{CF9F2120-14D9-49BC-8C08-28487DFF045C}.Release|Any CPU.Build.0 = Release|Any CPU
	EndGlobalSection
	GlobalSection(SolutionProperties) = preSolution
		HideSolutionNode = FALSE
	EndGlobalSection
	GlobalSection(ExtensibilityGlobals) = postSolution
		SolutionGuid = {7B3EB5B8-44E9-4824-B157-49F266D30A7B}
	EndGlobalSection
EndGlobal
