
Microsoft Visual Studio Solution File, Format Version 12.00
# Visual Studio Version 16
VisualStudioVersion = 16.0.32106.194
MinimumVisualStudioVersion = 10.0.40219.1
Project("{FAE04EC0-301F-11D3-BF4B-00C04F79EFBC}") = "RandomizeWords", "RandomizeWords\RandomizeWords.csproj", "{B5B86AB8-F806-48F9-9004-FA46FDCE414B}"
EndProject
Project("{FAE04EC0-301F-11D3-BF4B-00C04F79EFBC}") = "BigFactorial", "BigFactorial\BigFactorial.csproj", "{CC1C1B70-7DA5-4DFC-A268-ABD007CA948B}"
EndProject
Project("{FAE04EC0-301F-11D3-BF4B-00C04F79EFBC}") = "Songs", "Songs\Songs.csproj", "{6524D3D0-EF6C-4F5B-BE64-DD3204159542}"
EndProject
Project("{FAE04EC0-301F-11D3-BF4B-00C04F79EFBC}") = "Students", "Students\Students.csproj", "{F884FF13-5ECA-4348-83E9-1267E04A6317}"
EndProject
Project("{FAE04EC0-301F-11D3-BF4B-00C04F79EFBC}") = "Students2.0", "Students2.0\Students2.0.csproj", "{E6462DE7-B49E-4D5A-B4CF-41D3FCFB4B08}"
EndProject
Project("{FAE04EC0-301F-11D3-BF4B-00C04F79EFBC}") = "StoreBoxes", "StoreBoxes\StoreBoxes.csproj", "{C853310A-2B80-45FB-A36E-349F68D232E3}"
EndProject
Project("{FAE04EC0-301F-11D3-BF4B-00C04F79EFBC}") = "Students2.0Alternative", "Students2.0Alternative\Students2.0Alternative.csproj", "{F82E5A23-6A36-4967-8FD2-71908D1D59D6}"
EndProject
Project("{FAE04EC0-301F-11D3-BF4B-00C04F79EFBC}") = "VehicleCatalogue", "VehicleCatalogue\VehicleCatalogue.csproj", "{C660DF03-9F98-431F-B3FB-EA3B1CF386E7}"
EndProject
Global
	GlobalSection(SolutionConfigurationPlatforms) = preSolution
		Debug|Any CPU = Debug|Any CPU
		Release|Any CPU = Release|Any CPU
	EndGlobalSection
	GlobalSection(ProjectConfigurationPlatforms) = postSolution
		{B5B86AB8-F806-48F9-9004-FA46FDCE414B}.Debug|Any CPU.ActiveCfg = Debug|Any CPU
		{B5B86AB8-F806-48F9-9004-FA46FDCE414B}.Debug|Any CPU.Build.0 = Debug|Any CPU
		{B5B86AB8-F806-48F9-9004-FA46FDCE414B}.Release|Any CPU.ActiveCfg = Release|Any CPU
		{B5B86AB8-F806-48F9-9004-FA46FDCE414B}.Release|Any CPU.Build.0 = Release|Any CPU
		{CC1C1B70-7DA5-4DFC-A268-ABD007CA948B}.Debug|Any CPU.ActiveCfg = Debug|Any CPU
		{CC1C1B70-7DA5-4DFC-A268-ABD007CA948B}.Debug|Any CPU.Build.0 = Debug|Any CPU
		{CC1C1B70-7DA5-4DFC-A268-ABD007CA948B}.Release|Any CPU.ActiveCfg = Release|Any CPU
		{CC1C1B70-7DA5-4DFC-A268-ABD007CA948B}.Release|Any CPU.Build.0 = Release|Any CPU
		{6524D3D0-EF6C-4F5B-BE64-DD3204159542}.Debug|Any CPU.ActiveCfg = Debug|Any CPU
		{6524D3D0-EF6C-4F5B-BE64-DD3204159542}.Debug|Any CPU.Build.0 = Debug|Any CPU
		{6524D3D0-EF6C-4F5B-BE64-DD3204159542}.Release|Any CPU.ActiveCfg = Release|Any CPU
		{6524D3D0-EF6C-4F5B-BE64-DD3204159542}.Release|Any CPU.Build.0 = Release|Any CPU
		{F884FF13-5ECA-4348-83E9-1267E04A6317}.Debug|Any CPU.ActiveCfg = Debug|Any CPU
		{F884FF13-5ECA-4348-83E9-1267E04A6317}.Debug|Any CPU.Build.0 = Debug|Any CPU
		{F884FF13-5ECA-4348-83E9-1267E04A6317}.Release|Any CPU.ActiveCfg = Release|Any CPU
		{F884FF13-5ECA-4348-83E9-1267E04A6317}.Release|Any CPU.Build.0 = Release|Any CPU
		{E6462DE7-B49E-4D5A-B4CF-41D3FCFB4B08}.Debug|Any CPU.ActiveCfg = Debug|Any CPU
		{E6462DE7-B49E-4D5A-B4CF-41D3FCFB4B08}.Debug|Any CPU.Build.0 = Debug|Any CPU
		{E6462DE7-B49E-4D5A-B4CF-41D3FCFB4B08}.Release|Any CPU.ActiveCfg = Release|Any CPU
		{E6462DE7-B49E-4D5A-B4CF-41D3FCFB4B08}.Release|Any CPU.Build.0 = Release|Any CPU
		{C853310A-2B80-45FB-A36E-349F68D232E3}.Debug|Any CPU.ActiveCfg = Debug|Any CPU
		{C853310A-2B80-45FB-A36E-349F68D232E3}.Debug|Any CPU.Build.0 = Debug|Any CPU
		{C853310A-2B80-45FB-A36E-349F68D232E3}.Release|Any CPU.ActiveCfg = Release|Any CPU
		{C853310A-2B80-45FB-A36E-349F68D232E3}.Release|Any CPU.Build.0 = Release|Any CPU
		{F82E5A23-6A36-4967-8FD2-71908D1D59D6}.Debug|Any CPU.ActiveCfg = Debug|Any CPU
		{F82E5A23-6A36-4967-8FD2-71908D1D59D6}.Debug|Any CPU.Build.0 = Debug|Any CPU
		{F82E5A23-6A36-4967-8FD2-71908D1D59D6}.Release|Any CPU.ActiveCfg = Release|Any CPU
		{F82E5A23-6A36-4967-8FD2-71908D1D59D6}.Release|Any CPU.Build.0 = Release|Any CPU
		{C660DF03-9F98-431F-B3FB-EA3B1CF386E7}.Debug|Any CPU.ActiveCfg = Debug|Any CPU
		{C660DF03-9F98-431F-B3FB-EA3B1CF386E7}.Debug|Any CPU.Build.0 = Debug|Any CPU
		{C660DF03-9F98-431F-B3FB-EA3B1CF386E7}.Release|Any CPU.ActiveCfg = Release|Any CPU
		{C660DF03-9F98-431F-B3FB-EA3B1CF386E7}.Release|Any CPU.Build.0 = Release|Any CPU
	EndGlobalSection
	GlobalSection(SolutionProperties) = preSolution
		HideSolutionNode = FALSE
	EndGlobalSection
	GlobalSection(ExtensibilityGlobals) = postSolution
		SolutionGuid = {E393E9AC-2F91-4DB4-9BF2-BECAF697E053}
	EndGlobalSection
EndGlobal
